
Microsoft Visual Studio Solution File, Format Version 12.00
# Visual Studio Version 17
VisualStudioVersion = 17.9.34728.123
MinimumVisualStudioVersion = 10.0.40219.1
Project("{9A19103F-16F7-4668-BE54-9A1E7A4F7556}") = "A-BASIC-Language", "A-BASIC-Language\A-BASIC-Language.csproj", "{5CB84BD0-EDE6-4F7D-A8FF-85790F7AFC0E}"
EndProject
Project("{2150E333-8FDC-42A3-9474-1A3956D46DE8}") = "Solution Items", "Solution Items", "{7C1C2735-5751-499A-B07B-F9A349A51C2D}"
	ProjectSection(SolutionItems) = preProject
		..\index.html = ..\index.html
		..\README.md = ..\README.md
	EndProjectSection
EndProject
Global
	GlobalSection(SolutionConfigurationPlatforms) = preSolution
		Debug|Any CPU = Debug|Any CPU
		Release|Any CPU = Release|Any CPU
	EndGlobalSection
	GlobalSection(ProjectConfigurationPlatforms) = postSolution
		{5CB84BD0-EDE6-4F7D-A8FF-85790F7AFC0E}.Debug|Any CPU.ActiveCfg = Debug|Any CPU
		{5CB84BD0-EDE6-4F7D-A8FF-85790F7AFC0E}.Debug|Any CPU.Build.0 = Debug|Any CPU
		{5CB84BD0-EDE6-4F7D-A8FF-85790F7AFC0E}.Release|Any CPU.ActiveCfg = Release|Any CPU
		{5CB84BD0-EDE6-4F7D-A8FF-85790F7AFC0E}.Release|Any CPU.Build.0 = Release|Any CPU
	EndGlobalSection
	GlobalSection(SolutionProperties) = preSolution
		HideSolutionNode = FALSE
	EndGlobalSection
	GlobalSection(ExtensibilityGlobals) = postSolution
		SolutionGuid = {EDC1E5E1-77DD-456D-A9F2-5D8871589AA5}
	EndGlobalSection
EndGlobal
